// !$*UTF8*$!
{
	archiveVersion = 1;
	classes = {
	};
	objectVersion = 56;
	objects = {

/* Begin PBXBuildFile section */
		CEA13CB32BFDC1D4008BD51F /* LibraryA.swift in Sources */ = {isa = PBXBuildFile; fileRef = CEA13CB22BFDC1D4008BD51F /* LibraryA.swift */; };
		CEA13D042BFDC2AA008BD51F /* libDuplicatedLibrary.a in Frameworks */ = {isa = PBXBuildFile; fileRef = CEA13D032BFDC2AA008BD51F /* libDuplicatedLibrary.a */; };
		CEA13D112BFDD951008BD51F /* LibraryAExtra.swift in Sources */ = {isa = PBXBuildFile; fileRef = CEA13D102BFDD951008BD51F /* LibraryAExtra.swift */; };
/* End PBXBuildFile section */

/* Begin PBXCopyFilesBuildPhase section */
		CEA13CAD2BFDC1D4008BD51F /* CopyFiles */ = {
			isa = PBXCopyFilesBuildPhase;
			buildActionMask = 2147483647;
			dstPath = "include/$(PRODUCT_NAME)";
			dstSubfolderSpec = 16;
			files = (
			);
			runOnlyForDeploymentPostprocessing = 0;
		};
/* End PBXCopyFilesBuildPhase section */

/* Begin PBXFileReference section */
		CEA13CAF2BFDC1D4008BD51F /* libLibraryA.a */ = {isa = PBXFileReference; explicitFileType = archive.ar; includeInIndex = 0; path = libLibraryA.a; sourceTree = BUILT_PRODUCTS_DIR; };
		CEA13CB22BFDC1D4008BD51F /* LibraryA.swift */ = {isa = PBXFileReference; lastKnownFileType = sourcecode.swift; path = LibraryA.swift; sourceTree = "<group>"; };
		CEA13D032BFDC2AA008BD51F /* libDuplicatedLibrary.a */ = {isa = PBXFileReference; lastKnownFileType = archive.ar; path = libDuplicatedLibrary.a; sourceTree = "<group>"; };
		CEA13D102BFDD951008BD51F /* LibraryAExtra.swift */ = {isa = PBXFileReference; lastKnownFileType = sourcecode.swift; path = LibraryAExtra.swift; sourceTree = "<group>"; };
/* End PBXFileReference section */

/* Begin PBXFrameworksBuildPhase section */
		CEA13CAC2BFDC1D4008BD51F /* Frameworks */ = {
			isa = PBXFrameworksBuildPhase;
			buildActionMask = 2147483647;
			files = (
				CEA13D042BFDC2AA008BD51F /* libDuplicatedLibrary.a in Frameworks */,
			);
			runOnlyForDeploymentPostprocessing = 0;
		};
/* End PBXFrameworksBuildPhase section */

/* Begin PBXGroup section */
		CEA13CA62BFDC1D4008BD51F = {
			isa = PBXGroup;
			children = (
				CEA13CB12BFDC1D4008BD51F /* LibraryA */,
				CEA13CB02BFDC1D4008BD51F /* Products */,
				CEA13D022BFDC2AA008BD51F /* Frameworks */,
			);
			sourceTree = "<group>";
		};
		CEA13CB02BFDC1D4008BD51F /* Products */ = {
			isa = PBXGroup;
			children = (
				CEA13CAF2BFDC1D4008BD51F /* libLibraryA.a */,
			);
			name = Products;
			sourceTree = "<group>";
		};
		CEA13CB12BFDC1D4008BD51F /* LibraryA */ = {
			isa = PBXGroup;
			children = (
				CEA13CB22BFDC1D4008BD51F /* LibraryA.swift */,
				CEA13D102BFDD951008BD51F /* LibraryAExtra.swift */,
			);
			path = LibraryA;
			sourceTree = "<group>";
		};
		CEA13D022BFDC2AA008BD51F /* Frameworks */ = {
			isa = PBXGroup;
			children = (
				CEA13D032BFDC2AA008BD51F /* libDuplicatedLibrary.a */,
			);
			name = Frameworks;
			sourceTree = "<group>";
		};
/* End PBXGroup section */

/* Begin PBXNativeTarget section */
		CEA13CAE2BFDC1D4008BD51F /* LibraryA */ = {
			isa = PBXNativeTarget;
			buildConfigurationList = CEA13CB62BFDC1D4008BD51F /* Build configuration list for PBXNativeTarget "LibraryA" */;
			buildPhases = (
				CEA13CAB2BFDC1D4008BD51F /* Sources */,
				CEA13CAC2BFDC1D4008BD51F /* Frameworks */,
				CEA13CAD2BFDC1D4008BD51F /* CopyFiles */,
			);
			buildRules = (
			);
			dependencies = (
			);
			name = LibraryA;
			productName = LibraryA;
			productReference = CEA13CAF2BFDC1D4008BD51F /* libLibraryA.a */;
			productType = "com.apple.product-type.library.static";
		};
/* End PBXNativeTarget section */

/* Begin PBXProject section */
		CEA13CA72BFDC1D4008BD51F /* Project object */ = {
			isa = PBXProject;
			attributes = {
				BuildIndependentTargetsInParallel = 1;
				LastSwiftUpdateCheck = 1530;
				LastUpgradeCheck = 1530;
				TargetAttributes = {
					CEA13CAE2BFDC1D4008BD51F = {
						CreatedOnToolsVersion = 15.3;
					};
				};
			};
			buildConfigurationList = CEA13CAA2BFDC1D4008BD51F /* Build configuration list for PBXProject "LibraryA" */;
			compatibilityVersion = "Xcode 14.0";
			developmentRegion = en;
			hasScannedForEncodings = 0;
			knownRegions = (
				en,
				Base,
			);
			mainGroup = CEA13CA62BFDC1D4008BD51F;
			productRefGroup = CEA13CB02BFDC1D4008BD51F /* Products */;
			projectDirPath = "";
			projectRoot = "";
			targets = (
				CEA13CAE2BFDC1D4008BD51F /* LibraryA */,
			);
		};
/* End PBXProject section */

/* Begin PBXSourcesBuildPhase section */
		CEA13CAB2BFDC1D4008BD51F /* Sources */ = {
			isa = PBXSourcesBuildPhase;
			buildActionMask = 2147483647;
			files = (
				CEA13D112BFDD951008BD51F /* LibraryAExtra.swift in Sources */,
				CEA13CB32BFDC1D4008BD51F /* LibraryA.swift in Sources */,
			);
			runOnlyForDeploymentPostprocessing = 0;
		};
/* End PBXSourcesBuildPhase section */

/* Begin XCBuildConfiguration section */
		CEA13CB42BFDC1D4008BD51F /* Debug */ = {
			isa = XCBuildConfiguration;
			buildSettings = {
				ALWAYS_SEARCH_USER_PATHS = NO;
				ASSETCATALOG_COMPILER_GENERATE_SWIFT_ASSET_SYMBOL_EXTENSIONS = YES;
				CLANG_ANALYZER_NONNULL = YES;
				CLANG_ANALYZER_NUMBER_OBJECT_CONVERSION = YES_AGGRESSIVE;
				CLANG_CXX_LANGUAGE_STANDARD = "gnu++20";
				CLANG_ENABLE_MODULES = YES;
				CLANG_ENABLE_OBJC_ARC = YES;
				CLANG_ENABLE_OBJC_WEAK = YES;
				CLANG_WARN_BLOCK_CAPTURE_AUTORELEASING = YES;
				CLANG_WARN_BOOL_CONVERSION = YES;
				CLANG_WARN_COMMA = YES;
				CLANG_WARN_CONSTANT_CONVERSION = YES;
				CLANG_WARN_DEPRECATED_OBJC_IMPLEMENTATIONS = YES;
				CLANG_WARN_DIRECT_OBJC_ISA_USAGE = YES_ERROR;
				CLANG_WARN_DOCUMENTATION_COMMENTS = YES;
				CLANG_WARN_EMPTY_BODY = YES;
				CLANG_WARN_ENUM_CONVERSION = YES;
				CLANG_WARN_INFINITE_RECURSION = YES;
				CLANG_WARN_INT_CONVERSION = YES;
				CLANG_WARN_NON_LITERAL_NULL_CONVERSION = YES;
				CLANG_WARN_OBJC_IMPLICIT_RETAIN_SELF = YES;
				CLANG_WARN_OBJC_LITERAL_CONVERSION = YES;
				CLANG_WARN_OBJC_ROOT_CLASS = YES_ERROR;
				CLANG_WARN_QUOTED_INCLUDE_IN_FRAMEWORK_HEADER = YES;
				CLANG_WARN_RANGE_LOOP_ANALYSIS = YES;
				CLANG_WARN_STRICT_PROTOTYPES = YES;
				CLANG_WARN_SUSPICIOUS_MOVE = YES;
				CLANG_WARN_UNGUARDED_AVAILABILITY = YES_AGGRESSIVE;
				CLANG_WARN_UNREACHABLE_CODE = YES;
				CLANG_WARN__DUPLICATE_METHOD_MATCH = YES;
				COPY_PHASE_STRIP = NO;
				DEBUG_INFORMATION_FORMAT = dwarf;
				ENABLE_STRICT_OBJC_MSGSEND = YES;
				ENABLE_TESTABILITY = YES;
				ENABLE_USER_SCRIPT_SANDBOXING = YES;
				GCC_C_LANGUAGE_STANDARD = gnu17;
				GCC_DYNAMIC_NO_PIC = NO;
				GCC_NO_COMMON_BLOCKS = YES;
				GCC_OPTIMIZATION_LEVEL = 0;
				GCC_PREPROCESSOR_DEFINITIONS = (
					"DEBUG=1",
					"$(inherited)",
				);
				GCC_WARN_64_TO_32_BIT_CONVERSION = YES;
				GCC_WARN_ABOUT_RETURN_TYPE = YES_ERROR;
				GCC_WARN_UNDECLARED_SELECTOR = YES;
				GCC_WARN_UNINITIALIZED_AUTOS = YES_AGGRESSIVE;
				GCC_WARN_UNUSED_FUNCTION = YES;
				GCC_WARN_UNUSED_VARIABLE = YES;
				IPHONEOS_DEPLOYMENT_TARGET = 17.4;
				LOCALIZATION_PREFERS_STRING_CATALOGS = YES;
				MTL_ENABLE_DEBUG_INFO = INCLUDE_SOURCE;
				MTL_FAST_MATH = YES;
				ONLY_ACTIVE_ARCH = YES;
				SDKROOT = iphoneos;
				SWIFT_ACTIVE_COMPILATION_CONDITIONS = "DEBUG $(inherited)";
				SWIFT_OPTIMIZATION_LEVEL = "-Onone";
			};
			name = Debug;
		};
		CEA13CB52BFDC1D4008BD51F /* Release */ = {
			isa = XCBuildConfiguration;
			buildSettings = {
				ALWAYS_SEARCH_USER_PATHS = NO;
				ASSETCATALOG_COMPILER_GENERATE_SWIFT_ASSET_SYMBOL_EXTENSIONS = YES;
				CLANG_ANALYZER_NONNULL = YES;
				CLANG_ANALYZER_NUMBER_OBJECT_CONVERSION = YES_AGGRESSIVE;
				CLANG_CXX_LANGUAGE_STANDARD = "gnu++20";
				CLANG_ENABLE_MODULES = YES;
				CLANG_ENABLE_OBJC_ARC = YES;
				CLANG_ENABLE_OBJC_WEAK = YES;
				CLANG_WARN_BLOCK_CAPTURE_AUTORELEASING = YES;
				CLANG_WARN_BOOL_CONVERSION = YES;
				CLANG_WARN_COMMA = YES;
				CLANG_WARN_CONSTANT_CONVERSION = YES;
				CLANG_WARN_DEPRECATED_OBJC_IMPLEMENTATIONS = YES;
				CLANG_WARN_DIRECT_OBJC_ISA_USAGE = YES_ERROR;
				CLANG_WARN_DOCUMENTATION_COMMENTS = YES;
				CLANG_WARN_EMPTY_BODY = YES;
				CLANG_WARN_ENUM_CONVERSION = YES;
				CLANG_WARN_INFINITE_RECURSION = YES;
				CLANG_WARN_INT_CONVERSION = YES;
				CLANG_WARN_NON_LITERAL_NULL_CONVERSION = YES;
				CLANG_WARN_OBJC_IMPLICIT_RETAIN_SELF = YES;
				CLANG_WARN_OBJC_LITERAL_CONVERSION = YES;
				CLANG_WARN_OBJC_ROOT_CLASS = YES_ERROR;
				CLANG_WARN_QUOTED_INCLUDE_IN_FRAMEWORK_HEADER = YES;
				CLANG_WARN_RANGE_LOOP_ANALYSIS = YES;
				CLANG_WARN_STRICT_PROTOTYPES = YES;
				CLANG_WARN_SUSPICIOUS_MOVE = YES;
				CLANG_WARN_UNGUARDED_AVAILABILITY = YES_AGGRESSIVE;
				CLANG_WARN_UNREACHABLE_CODE = YES;
				CLANG_WARN__DUPLICATE_METHOD_MATCH = YES;
				COPY_PHASE_STRIP = NO;
				DEBUG_INFORMATION_FORMAT = "dwarf-with-dsym";
				ENABLE_NS_ASSERTIONS = NO;
				ENABLE_STRICT_OBJC_MSGSEND = YES;
				ENABLE_USER_SCRIPT_SANDBOXING = YES;
				GCC_C_LANGUAGE_STANDARD = gnu17;
				GCC_NO_COMMON_BLOCKS = YES;
				GCC_WARN_64_TO_32_BIT_CONVERSION = YES;
				GCC_WARN_ABOUT_RETURN_TYPE = YES_ERROR;
				GCC_WARN_UNDECLARED_SELECTOR = YES;
				GCC_WARN_UNINITIALIZED_AUTOS = YES_AGGRESSIVE;
				GCC_WARN_UNUSED_FUNCTION = YES;
				GCC_WARN_UNUSED_VARIABLE = YES;
				IPHONEOS_DEPLOYMENT_TARGET = 17.4;
				LOCALIZATION_PREFERS_STRING_CATALOGS = YES;
				MTL_ENABLE_DEBUG_INFO = NO;
				MTL_FAST_MATH = YES;
				SDKROOT = iphoneos;
				SWIFT_COMPILATION_MODE = wholemodule;
				VALIDATE_PRODUCT = YES;
			};
			name = Release;
		};
		CEA13CB72BFDC1D4008BD51F /* Debug */ = {
			isa = XCBuildConfiguration;
			buildSettings = {
				CODE_SIGN_STYLE = Automatic;
				DEPLOYMENT_POSTPROCESSING = NO;
				DEVELOPMENT_TEAM = XLND8F6BR9;
				GENERATE_MASTER_OBJECT_FILE = NO;
				LIBRARY_SEARCH_PATHS = (
					"$(inherited)",
					"$(PROJECT_DIR)",
				);
				OTHER_LDFLAGS = "-ObjC";
				PRODUCT_NAME = "$(TARGET_NAME)";
				SKIP_INSTALL = YES;
				STRIP_STYLE = debugging;
				SWIFT_INCLUDE_PATHS = "$(PROJECT_DIR)";
				SWIFT_VERSION = 5.0;
				TARGETED_DEVICE_FAMILY = "1,2";
				UNEXPORTED_SYMBOLS_FILE = "$(PROJECT_DIR)/unexport.exp";
			};
			name = Debug;
		};
		CEA13CB82BFDC1D4008BD51F /* Release */ = {
			isa = XCBuildConfiguration;
			buildSettings = {
				CODE_SIGN_STYLE = Automatic;
				DEPLOYMENT_POSTPROCESSING = NO;
				DEVELOPMENT_TEAM = XLND8F6BR9;
				GENERATE_MASTER_OBJECT_FILE = NO;
				LIBRARY_SEARCH_PATHS = (
					"$(inherited)",
					"$(PROJECT_DIR)",
				);
				OTHER_LDFLAGS = "-ObjC";
				PRODUCT_NAME = "$(TARGET_NAME)";
				SKIP_INSTALL = YES;
				STRIP_STYLE = debugging;
				SWIFT_INCLUDE_PATHS = "$(PROJECT_DIR)";
				SWIFT_VERSION = 5.0;
				TARGETED_DEVICE_FAMILY = "1,2";
				UNEXPORTED_SYMBOLS_FILE = "$(PROJECT_DIR)/unexport.exp";
			};
			name = Release;
		};
/* End XCBuildConfiguration section */

/* Begin XCConfigurationList section */
		CEA13CAA2BFDC1D4008BD51F /* Build configuration list for PBXProject "LibraryA" */ = {
			isa = XCConfigurationList;
			buildConfigurations = (
				CEA13CB42BFDC1D4008BD51F /* Debug */,
				CEA13CB52BFDC1D4008BD51F /* Release */,
			);
			defaultConfigurationIsVisible = 0;
			defaultConfigurationName = Release;
		};
		CEA13CB62BFDC1D4008BD51F /* Build configuration list for PBXNativeTarget "LibraryA" */ = {
			isa = XCConfigurationList;
			buildConfigurations = (
				CEA13CB72BFDC1D4008BD51F /* Debug */,
				CEA13CB82BFDC1D4008BD51F /* Release */,
			);
			defaultConfigurationIsVisible = 0;
			defaultConfigurationName = Release;
		};
/* End XCConfigurationList section */
	};
	rootObject = CEA13CA72BFDC1D4008BD51F /* Project object */;
}
